
Microsoft Visual Studio Solution File, Format Version 12.00
# Visual Studio Version 17
VisualStudioVersion = 17.2.32505.173
MinimumVisualStudioVersion = 10.0.40219.1
Project("{9A19103F-16F7-4668-BE54-9A1E7A4F7556}") = "ApiAuth", "ApiAuth.csproj", "{8F50F193-A67C-437A-9932-DCCBFBCCF9B3}"
EndProject
Global
	GlobalSection(SolutionConfigurationPlatforms) = preSolution
		Debug|Any CPU = Debug|Any CPU
		Release|Any CPU = Release|Any CPU
	EndGlobalSection
	GlobalSection(ProjectConfigurationPlatforms) = postSolution
		{8F50F193-A67C-437A-9932-DCCBFBCCF9B3}.Debug|Any CPU.ActiveCfg = Debug|Any CPU
		{8F50F193-A67C-437A-9932-DCCBFBCCF9B3}.Debug|Any CPU.Build.0 = Debug|Any CPU
		{8F50F193-A67C-437A-9932-DCCBFBCCF9B3}.Release|Any CPU.ActiveCfg = Release|Any CPU
		{8F50F193-A67C-437A-9932-DCCBFBCCF9B3}.Release|Any CPU.Build.0 = Release|Any CPU
	EndGlobalSection
	GlobalSection(SolutionProperties) = preSolution
		HideSolutionNode = FALSE
	EndGlobalSection
	GlobalSection(ExtensibilityGlobals) = postSolution
		SolutionGuid = {B0137B54-C777-4442-BE10-BEE56193A1D8}
	EndGlobalSection
EndGlobal
